
Microsoft Visual Studio Solution File, Format Version 12.00
# Visual Studio Version 16
VisualStudioVersion = 16.6.30114.105
MinimumVisualStudioVersion = 10.0.40219.1
Project("{FAE04EC0-301F-11D3-BF4B-00C04F79EFBC}") = "Penguin.Cms.InternalMessaging.Local", "Penguin.Cms.InternalMessaging.Local.csproj", "{9E8EA2F7-AA31-45C5-96B0-CEA632CCCA22}"
EndProject
Project("{FAE04EC0-301F-11D3-BF4B-00C04F79EFBC}") = "Penguin.Shared.Objects.Local", "..\Penguin.Shared.Objects\Penguin.Shared.Objects.Local.csproj", "{090947EC-6B48-46FE-83D0-4ADCDE5A00AC}"
EndProject
Project("{FAE04EC0-301F-11D3-BF4B-00C04F79EFBC}") = "Penguin.Extensions.String.Local", "..\Penguin.Extensions.String\Penguin.Extensions.String.Local.csproj", "{F8CA2FB3-7A65-4497-8E79-31CAB1B19632}"
EndProject
Project("{FAE04EC0-301F-11D3-BF4B-00C04F79EFBC}") = "Penguin.Cms.Entities.Local", "..\Penguin.Cms.Entities\Penguin.Cms.Entities.Local.csproj", "{C93AF276-42BE-400F-9B87-5FED0B228B43}"
EndProject
Project("{FAE04EC0-301F-11D3-BF4B-00C04F79EFBC}") = "Penguin.Persistence.Abstractions.Local", "..\Penguin.Persistence.Abstractions\Penguin.Persistence.Abstractions.Local.csproj", "{3D836DC6-DAD4-4749-8169-6A973184C761}"
EndProject
Project("{FAE04EC0-301F-11D3-BF4B-00C04F79EFBC}") = "Penguin.Entities.Abstractions.Local", "..\Penguin.Entities.Abstractions\Penguin.Entities.Abstractions.Local.csproj", "{C730848C-A582-445B-B6AB-4CFD2881201B}"
EndProject
Project("{FAE04EC0-301F-11D3-BF4B-00C04F79EFBC}") = "Penguin.Reflection.Extensions.Local", "..\Penguin.Reflection.Extensions\Penguin.Reflection.Extensions.Local.csproj", "{98F3E339-7E28-48F6-8366-D05852D4600D}"
EndProject
Project("{FAE04EC0-301F-11D3-BF4B-00C04F79EFBC}") = "Penguin.Reflection.Abstractions.Local", "..\Penguin.Reflection.Abstractions\Penguin.Reflection.Abstractions.Local.csproj", "{60D02107-B5DF-49A1-AC8B-D896B16C81F2}"
EndProject
Global
	GlobalSection(SolutionConfigurationPlatforms) = preSolution
		Debug|Any CPU = Debug|Any CPU
		Debug|x64 = Debug|x64
		Debug|x86 = Debug|x86
		Release|Any CPU = Release|Any CPU
		Release|x64 = Release|x64
		Release|x86 = Release|x86
	EndGlobalSection
	GlobalSection(SolutionProperties) = preSolution
		HideSolutionNode = FALSE
	EndGlobalSection
	GlobalSection(ProjectConfigurationPlatforms) = postSolution
		{9E8EA2F7-AA31-45C5-96B0-CEA632CCCA22}.Debug|Any CPU.ActiveCfg = Debug|Any CPU
		{9E8EA2F7-AA31-45C5-96B0-CEA632CCCA22}.Debug|Any CPU.Build.0 = Debug|Any CPU
		{9E8EA2F7-AA31-45C5-96B0-CEA632CCCA22}.Debug|x64.ActiveCfg = Debug|Any CPU
		{9E8EA2F7-AA31-45C5-96B0-CEA632CCCA22}.Debug|x64.Build.0 = Debug|Any CPU
		{9E8EA2F7-AA31-45C5-96B0-CEA632CCCA22}.Debug|x86.ActiveCfg = Debug|Any CPU
		{9E8EA2F7-AA31-45C5-96B0-CEA632CCCA22}.Debug|x86.Build.0 = Debug|Any CPU
		{9E8EA2F7-AA31-45C5-96B0-CEA632CCCA22}.Release|Any CPU.ActiveCfg = Release|Any CPU
		{9E8EA2F7-AA31-45C5-96B0-CEA632CCCA22}.Release|Any CPU.Build.0 = Release|Any CPU
		{9E8EA2F7-AA31-45C5-96B0-CEA632CCCA22}.Release|x64.ActiveCfg = Release|Any CPU
		{9E8EA2F7-AA31-45C5-96B0-CEA632CCCA22}.Release|x64.Build.0 = Release|Any CPU
		{9E8EA2F7-AA31-45C5-96B0-CEA632CCCA22}.Release|x86.ActiveCfg = Release|Any CPU
		{9E8EA2F7-AA31-45C5-96B0-CEA632CCCA22}.Release|x86.Build.0 = Release|Any CPU
		{090947EC-6B48-46FE-83D0-4ADCDE5A00AC}.Debug|Any CPU.ActiveCfg = Debug|Any CPU
		{090947EC-6B48-46FE-83D0-4ADCDE5A00AC}.Debug|Any CPU.Build.0 = Debug|Any CPU
		{090947EC-6B48-46FE-83D0-4ADCDE5A00AC}.Debug|x64.ActiveCfg = Debug|Any CPU
		{090947EC-6B48-46FE-83D0-4ADCDE5A00AC}.Debug|x64.Build.0 = Debug|Any CPU
		{090947EC-6B48-46FE-83D0-4ADCDE5A00AC}.Debug|x86.ActiveCfg = Debug|Any CPU
		{090947EC-6B48-46FE-83D0-4ADCDE5A00AC}.Debug|x86.Build.0 = Debug|Any CPU
		{090947EC-6B48-46FE-83D0-4ADCDE5A00AC}.Release|Any CPU.ActiveCfg = Release|Any CPU
		{090947EC-6B48-46FE-83D0-4ADCDE5A00AC}.Release|Any CPU.Build.0 = Release|Any CPU
		{090947EC-6B48-46FE-83D0-4ADCDE5A00AC}.Release|x64.ActiveCfg = Release|Any CPU
		{090947EC-6B48-46FE-83D0-4ADCDE5A00AC}.Release|x64.Build.0 = Release|Any CPU
		{090947EC-6B48-46FE-83D0-4ADCDE5A00AC}.Release|x86.ActiveCfg = Release|Any CPU
		{090947EC-6B48-46FE-83D0-4ADCDE5A00AC}.Release|x86.Build.0 = Release|Any CPU
		{F8CA2FB3-7A65-4497-8E79-31CAB1B19632}.Debug|Any CPU.ActiveCfg = Debug|Any CPU
		{F8CA2FB3-7A65-4497-8E79-31CAB1B19632}.Debug|Any CPU.Build.0 = Debug|Any CPU
		{F8CA2FB3-7A65-4497-8E79-31CAB1B19632}.Debug|x64.ActiveCfg = Debug|Any CPU
		{F8CA2FB3-7A65-4497-8E79-31CAB1B19632}.Debug|x64.Build.0 = Debug|Any CPU
		{F8CA2FB3-7A65-4497-8E79-31CAB1B19632}.Debug|x86.ActiveCfg = Debug|Any CPU
		{F8CA2FB3-7A65-4497-8E79-31CAB1B19632}.Debug|x86.Build.0 = Debug|Any CPU
		{F8CA2FB3-7A65-4497-8E79-31CAB1B19632}.Release|Any CPU.ActiveCfg = Release|Any CPU
		{F8CA2FB3-7A65-4497-8E79-31CAB1B19632}.Release|Any CPU.Build.0 = Release|Any CPU
		{F8CA2FB3-7A65-4497-8E79-31CAB1B19632}.Release|x64.ActiveCfg = Release|Any CPU
		{F8CA2FB3-7A65-4497-8E79-31CAB1B19632}.Release|x64.Build.0 = Release|Any CPU
		{F8CA2FB3-7A65-4497-8E79-31CAB1B19632}.Release|x86.ActiveCfg = Release|Any CPU
		{F8CA2FB3-7A65-4497-8E79-31CAB1B19632}.Release|x86.Build.0 = Release|Any CPU
		{C93AF276-42BE-400F-9B87-5FED0B228B43}.Debug|Any CPU.ActiveCfg = Debug|Any CPU
		{C93AF276-42BE-400F-9B87-5FED0B228B43}.Debug|Any CPU.Build.0 = Debug|Any CPU
		{C93AF276-42BE-400F-9B87-5FED0B228B43}.Debug|x64.ActiveCfg = Debug|Any CPU
		{C93AF276-42BE-400F-9B87-5FED0B228B43}.Debug|x64.Build.0 = Debug|Any CPU
		{C93AF276-42BE-400F-9B87-5FED0B228B43}.Debug|x86.ActiveCfg = Debug|Any CPU
		{C93AF276-42BE-400F-9B87-5FED0B228B43}.Debug|x86.Build.0 = Debug|Any CPU
		{C93AF276-42BE-400F-9B87-5FED0B228B43}.Release|Any CPU.ActiveCfg = Release|Any CPU
		{C93AF276-42BE-400F-9B87-5FED0B228B43}.Release|Any CPU.Build.0 = Release|Any CPU
		{C93AF276-42BE-400F-9B87-5FED0B228B43}.Release|x64.ActiveCfg = Release|Any CPU
		{C93AF276-42BE-400F-9B87-5FED0B228B43}.Release|x64.Build.0 = Release|Any CPU
		{C93AF276-42BE-400F-9B87-5FED0B228B43}.Release|x86.ActiveCfg = Release|Any CPU
		{C93AF276-42BE-400F-9B87-5FED0B228B43}.Release|x86.Build.0 = Release|Any CPU
		{3D836DC6-DAD4-4749-8169-6A973184C761}.Debug|Any CPU.ActiveCfg = Debug|Any CPU
		{3D836DC6-DAD4-4749-8169-6A973184C761}.Debug|Any CPU.Build.0 = Debug|Any CPU
		{3D836DC6-DAD4-4749-8169-6A973184C761}.Debug|x64.ActiveCfg = Debug|Any CPU
		{3D836DC6-DAD4-4749-8169-6A973184C761}.Debug|x64.Build.0 = Debug|Any CPU
		{3D836DC6-DAD4-4749-8169-6A973184C761}.Debug|x86.ActiveCfg = Debug|Any CPU
		{3D836DC6-DAD4-4749-8169-6A973184C761}.Debug|x86.Build.0 = Debug|Any CPU
		{3D836DC6-DAD4-4749-8169-6A973184C761}.Release|Any CPU.ActiveCfg = Release|Any CPU
		{3D836DC6-DAD4-4749-8169-6A973184C761}.Release|Any CPU.Build.0 = Release|Any CPU
		{3D836DC6-DAD4-4749-8169-6A973184C761}.Release|x64.ActiveCfg = Release|Any CPU
		{3D836DC6-DAD4-4749-8169-6A973184C761}.Release|x64.Build.0 = Release|Any CPU
		{3D836DC6-DAD4-4749-8169-6A973184C761}.Release|x86.ActiveCfg = Release|Any CPU
		{3D836DC6-DAD4-4749-8169-6A973184C761}.Release|x86.Build.0 = Release|Any CPU
		{C730848C-A582-445B-B6AB-4CFD2881201B}.Debug|Any CPU.ActiveCfg = Debug|Any CPU
		{C730848C-A582-445B-B6AB-4CFD2881201B}.Debug|Any CPU.Build.0 = Debug|Any CPU
		{C730848C-A582-445B-B6AB-4CFD2881201B}.Debug|x64.ActiveCfg = Debug|Any CPU
		{C730848C-A582-445B-B6AB-4CFD2881201B}.Debug|x64.Build.0 = Debug|Any CPU
		{C730848C-A582-445B-B6AB-4CFD2881201B}.Debug|x86.ActiveCfg = Debug|Any CPU
		{C730848C-A582-445B-B6AB-4CFD2881201B}.Debug|x86.Build.0 = Debug|Any CPU
		{C730848C-A582-445B-B6AB-4CFD2881201B}.Release|Any CPU.ActiveCfg = Release|Any CPU
		{C730848C-A582-445B-B6AB-4CFD2881201B}.Release|Any CPU.Build.0 = Release|Any CPU
		{C730848C-A582-445B-B6AB-4CFD2881201B}.Release|x64.ActiveCfg = Release|Any CPU
		{C730848C-A582-445B-B6AB-4CFD2881201B}.Release|x64.Build.0 = Release|Any CPU
		{C730848C-A582-445B-B6AB-4CFD2881201B}.Release|x86.ActiveCfg = Release|Any CPU
		{C730848C-A582-445B-B6AB-4CFD2881201B}.Release|x86.Build.0 = Release|Any CPU
		{98F3E339-7E28-48F6-8366-D05852D4600D}.Debug|Any CPU.ActiveCfg = Debug|Any CPU
		{98F3E339-7E28-48F6-8366-D05852D4600D}.Debug|Any CPU.Build.0 = Debug|Any CPU
		{98F3E339-7E28-48F6-8366-D05852D4600D}.Debug|x64.ActiveCfg = Debug|Any CPU
		{98F3E339-7E28-48F6-8366-D05852D4600D}.Debug|x64.Build.0 = Debug|Any CPU
		{98F3E339-7E28-48F6-8366-D05852D4600D}.Debug|x86.ActiveCfg = Debug|Any CPU
		{98F3E339-7E28-48F6-8366-D05852D4600D}.Debug|x86.Build.0 = Debug|Any CPU
		{98F3E339-7E28-48F6-8366-D05852D4600D}.Release|Any CPU.ActiveCfg = Release|Any CPU
		{98F3E339-7E28-48F6-8366-D05852D4600D}.Release|Any CPU.Build.0 = Release|Any CPU
		{98F3E339-7E28-48F6-8366-D05852D4600D}.Release|x64.ActiveCfg = Release|Any CPU
		{98F3E339-7E28-48F6-8366-D05852D4600D}.Release|x64.Build.0 = Release|Any CPU
		{98F3E339-7E28-48F6-8366-D05852D4600D}.Release|x86.ActiveCfg = Release|Any CPU
		{98F3E339-7E28-48F6-8366-D05852D4600D}.Release|x86.Build.0 = Release|Any CPU
		{60D02107-B5DF-49A1-AC8B-D896B16C81F2}.Debug|Any CPU.ActiveCfg = Debug|Any CPU
		{60D02107-B5DF-49A1-AC8B-D896B16C81F2}.Debug|Any CPU.Build.0 = Debug|Any CPU
		{60D02107-B5DF-49A1-AC8B-D896B16C81F2}.Debug|x64.ActiveCfg = Debug|Any CPU
		{60D02107-B5DF-49A1-AC8B-D896B16C81F2}.Debug|x64.Build.0 = Debug|Any CPU
		{60D02107-B5DF-49A1-AC8B-D896B16C81F2}.Debug|x86.ActiveCfg = Debug|Any CPU
		{60D02107-B5DF-49A1-AC8B-D896B16C81F2}.Debug|x86.Build.0 = Debug|Any CPU
		{60D02107-B5DF-49A1-AC8B-D896B16C81F2}.Release|Any CPU.ActiveCfg = Release|Any CPU
		{60D02107-B5DF-49A1-AC8B-D896B16C81F2}.Release|Any CPU.Build.0 = Release|Any CPU
		{60D02107-B5DF-49A1-AC8B-D896B16C81F2}.Release|x64.ActiveCfg = Release|Any CPU
		{60D02107-B5DF-49A1-AC8B-D896B16C81F2}.Release|x64.Build.0 = Release|Any CPU
		{60D02107-B5DF-49A1-AC8B-D896B16C81F2}.Release|x86.ActiveCfg = Release|Any CPU
		{60D02107-B5DF-49A1-AC8B-D896B16C81F2}.Release|x86.Build.0 = Release|Any CPU
	EndGlobalSection
EndGlobal
